
Microsoft Visual Studio Solution File, Format Version 12.00
# Visual Studio Version 17
VisualStudioVersion = 17.2.32526.322
MinimumVisualStudioVersion = 10.0.40219.1
Project("{FAE04EC0-301F-11D3-BF4B-00C04F79EFBC}") = "Bloggie", "Bloggie\Bloggie.csproj", "{55A03703-A16C-41DF-B578-802975B075DB}"
EndProject
Global
	GlobalSection(SolutionConfigurationPlatforms) = preSolution
		Debug|Any CPU = Debug|Any CPU
		Release|Any CPU = Release|Any CPU
	EndGlobalSection
	GlobalSection(ProjectConfigurationPlatforms) = postSolution
		{55A03703-A16C-41DF-B578-802975B075DB}.Debug|Any CPU.ActiveCfg = Debug|Any CPU
		{55A03703-A16C-41DF-B578-802975B075DB}.Debug|Any CPU.Build.0 = Debug|Any CPU
		{55A03703-A16C-41DF-B578-802975B075DB}.Release|Any CPU.ActiveCfg = Release|Any CPU
		{55A03703-A16C-41DF-B578-802975B075DB}.Release|Any CPU.Build.0 = Release|Any CPU
	EndGlobalSection
	GlobalSection(SolutionProperties) = preSolution
		HideSolutionNode = FALSE
	EndGlobalSection
	GlobalSection(ExtensibilityGlobals) = postSolution
		SolutionGuid = {86AFB7C6-AB07-4BEC-8EEF-B62989F1B799}
	EndGlobalSection
EndGlobal
